# This file is automatically @generated by Cargo.
# It is not intended for manual editing.
version = 4

[[package]]
name = "deeplus-ast"
version = "0.0.0"

[[package]]
name = "deeplus-codegen-llvm"
version = "0.0.0"

[[package]]
name = "deeplus-diagnostics"
version = "0.0.0"

[[package]]
name = "deeplus-hir"
version = "0.0.0"

[[package]]
name = "deeplus-lexer"
version = "0.0.0"

[[package]]
name = "deeplus-lowering"
version = "0.0.0"

[[package]]
name = "deeplus-mir"
version = "0.0.0"

[[package]]
name = "deeplus-parser"
version = "0.0.0"

[[package]]
name = "deeplus-source"
version = "0.0.0"

[[package]]
name = "deeplus-testkit"
version = "0.0.0"

[[package]]
name = "deeplus-types"
version = "0.0.0"

[[package]]
name = "deeplus-xbc"
version = "0.0.0"

[[package]]
name = "deeplus-xtask"
version = "0.0.0"

[[package]]
name = "deeplus-xvm"
version = "0.0.0"

[[package]]
name = "deeplusc"
version = "0.0.0"
